
Microsoft Visual Studio Solution File, Format Version 12.00
# Visual Studio Version 16
VisualStudioVersion = 16.0.30907.101
MinimumVisualStudioVersion = 10.0.40219.1
Project("{9A19103F-16F7-4668-BE54-9A1E7A4F7556}") = "BrightHR.Checkout", "BrightHR.Checkout\BrightHR.Checkout.csproj", "{0205B792-E461-4D1D-97A6-1526ED6C6DAB}"
EndProject
Global
	GlobalSection(SolutionConfigurationPlatforms) = preSolution
		Debug|Any CPU = Debug|Any CPU
		Release|Any CPU = Release|Any CPU
	EndGlobalSection
	GlobalSection(ProjectConfigurationPlatforms) = postSolution
		{0205B792-E461-4D1D-97A6-1526ED6C6DAB}.Debug|Any CPU.ActiveCfg = Debug|Any CPU
		{0205B792-E461-4D1D-97A6-1526ED6C6DAB}.Debug|Any CPU.Build.0 = Debug|Any CPU
		{0205B792-E461-4D1D-97A6-1526ED6C6DAB}.Release|Any CPU.ActiveCfg = Release|Any CPU
		{0205B792-E461-4D1D-97A6-1526ED6C6DAB}.Release|Any CPU.Build.0 = Release|Any CPU
	EndGlobalSection
	GlobalSection(SolutionProperties) = preSolution
		HideSolutionNode = FALSE
	EndGlobalSection
	GlobalSection(ExtensibilityGlobals) = postSolution
		SolutionGuid = {D92FA9C4-B376-4007-B0C8-CF0CD742AA6E}
	EndGlobalSection
EndGlobal
